
Microsoft Visual Studio Solution File, Format Version 12.00
# Visual Studio Version 17
VisualStudioVersion = 17.2.32630.192
MinimumVisualStudioVersion = 10.0.40219.1
Project("{FAE04EC0-301F-11D3-BF4B-00C04F79EFBC}") = "WingetUI", "WingetUI.csproj", "{32A528D1-A36D-4C16-B13C-A5CFE8B4F2F2}"
EndProject
Global
	GlobalSection(SolutionConfigurationPlatforms) = preSolution
		Debug|Any CPU = Debug|Any CPU
		Release|Any CPU = Release|Any CPU
	EndGlobalSection
	GlobalSection(ProjectConfigurationPlatforms) = postSolution
		{32A528D1-A36D-4C16-B13C-A5CFE8B4F2F2}.Debug|Any CPU.ActiveCfg = Debug|Any CPU
		{32A528D1-A36D-4C16-B13C-A5CFE8B4F2F2}.Debug|Any CPU.Build.0 = Debug|Any CPU
		{32A528D1-A36D-4C16-B13C-A5CFE8B4F2F2}.Release|Any CPU.ActiveCfg = Release|Any CPU
		{32A528D1-A36D-4C16-B13C-A5CFE8B4F2F2}.Release|Any CPU.Build.0 = Release|Any CPU
	EndGlobalSection
	GlobalSection(SolutionProperties) = preSolution
		HideSolutionNode = FALSE
	EndGlobalSection
	GlobalSection(ExtensibilityGlobals) = postSolution
		SolutionGuid = {E651D96F-9BE6-4DA8-8421-9D2141B87449}
	EndGlobalSection
EndGlobal
